
Microsoft Visual Studio Solution File, Format Version 12.00
# Visual Studio 15
VisualStudioVersion = 15.0.27130.2010
MinimumVisualStudioVersion = 10.0.40219.1
Project("{2150E333-8FDC-42A3-9474-1A3956D46DE8}") = "CloudEventHub", "CloudEventHub", "{FD794E9D-CAC6-4B44-86EE-38A7601B927A}"
EndProject
Project("{2150E333-8FDC-42A3-9474-1A3956D46DE8}") = "LocalEventStorage", "LocalEventStorage", "{10DF61B2-9307-4A67-9DA4-E57AB62EE8AA}"
EndProject
Project("{9A19103F-16F7-4668-BE54-9A1E7A4F7556}") = "EventsManager.CloudEventHub.Common", "CloudEventHub\Common\EventsManager.CloudEventHub.Common.csproj", "{4634DDED-3A38-4F94-8E44-C7D606526B6A}"
EndProject
Project("{9A19103F-16F7-4668-BE54-9A1E7A4F7556}") = "EventsManager.CloudEventHub.Gateway", "CloudEventHub\Gateway\EventsManager.CloudEventHub.Gateway.csproj", "{3953CA20-BE08-49D4-8797-C594C4C1C05F}"
EndProject
Project("{9A19103F-16F7-4668-BE54-9A1E7A4F7556}") = "EventsManager.CloudEventHub.CloudTest", "CloudEventHub\CloudTest\EventsManager.CloudEventHub.CloudTest.csproj", "{EA264A81-FB0F-4776-BC33-89BFD8DE1541}"
EndProject
Project("{9A19103F-16F7-4668-BE54-9A1E7A4F7556}") = "EventsManager.LocalEventStorage.Abstractions", "LocalEventStorage\Abstractions\EventsManager.LocalEventStorage.Abstractions.csproj", "{B6AF62AD-DA72-43B7-A8AD-79B75EB7523C}"
EndProject
Project("{9A19103F-16F7-4668-BE54-9A1E7A4F7556}") = "EventsManager.LocalEventStorage.Core", "LocalEventStorage\Core\EventsManager.LocalEventStorage.Core.csproj", "{FED4E6F5-F272-4ADA-BF97-C773A7A472F5}"
EndProject
Project("{9A19103F-16F7-4668-BE54-9A1E7A4F7556}") = "EventsManager.LocalEventStorage.Test", "LocalEventStorage\Test\EventsManager.LocalEventStorage.Test.csproj", "{D5A433BA-1AEC-4080-A1FD-0186BDE50636}"
EndProject
Project("{2150E333-8FDC-42A3-9474-1A3956D46DE8}") = "EventManager", "EventManager", "{61092A08-82E9-42B3-935E-90A5E14B61EE}"
EndProject
Project("{9A19103F-16F7-4668-BE54-9A1E7A4F7556}") = "EventsManager.CloudEventHub.Abstractions", "CloudEventHub\EventsManager.CloudEventHub.Abstractions\EventsManager.CloudEventHub.Abstractions.csproj", "{2ACB71AD-89A2-4970-8301-3B432B1F07E1}"
EndProject
Project("{9A19103F-16F7-4668-BE54-9A1E7A4F7556}") = "EventsManager.CloudEventHub.Core", "CloudEventHub\EventsManager.CloudEventHub.Core\EventsManager.CloudEventHub.Core.csproj", "{38720E5B-0A00-4979-A886-BEB9B154F9BA}"
EndProject
Project("{9A19103F-16F7-4668-BE54-9A1E7A4F7556}") = "EventsManager.Abstractions", "EventManager\Abstractions\EventsManager.Abstractions.csproj", "{A54B5322-FD24-4F93-AD70-73DD36B0D3CE}"
EndProject
Project("{9A19103F-16F7-4668-BE54-9A1E7A4F7556}") = "EventsManager.Core", "EventManager\Core\EventsManager.Core.csproj", "{DFCD2C59-FD21-4893-9696-4E0819C15333}"
EndProject
Project("{9A19103F-16F7-4668-BE54-9A1E7A4F7556}") = "EventsManager.Test", "EventManager\Test\EventsManager.Test.csproj", "{7FB9738D-982B-43CA-B772-7F627F8D0493}"
EndProject
Project("{2150E333-8FDC-42A3-9474-1A3956D46DE8}") = "libraries", "libraries", "{3CF36C42-4A2B-47DF-BF31-4A802BD5BE0F}"
EndProject
Project("{2150E333-8FDC-42A3-9474-1A3956D46DE8}") = "tests", "tests", "{13E7541F-6FF7-4235-BF5A-B3A91EC2F7FD}"
EndProject
Project("{2150E333-8FDC-42A3-9474-1A3956D46DE8}") = "examples", "examples", "{F07CF08B-FFCC-4A1B-8434-7C3B530FDF7E}"
EndProject
Project("{FAE04EC0-301F-11D3-BF4B-00C04F79EFBC}") = "EventBroker", "EventBroker\EventBroker.csproj", "{710DAD83-4B29-45F8-80EE-23DE0FB6FD2E}"
EndProject
Global
	GlobalSection(SolutionConfigurationPlatforms) = preSolution
		Debug|Any CPU = Debug|Any CPU
		Release|Any CPU = Release|Any CPU
	EndGlobalSection
	GlobalSection(ProjectConfigurationPlatforms) = postSolution
		{4634DDED-3A38-4F94-8E44-C7D606526B6A}.Debug|Any CPU.ActiveCfg = Debug|Any CPU
		{4634DDED-3A38-4F94-8E44-C7D606526B6A}.Debug|Any CPU.Build.0 = Debug|Any CPU
		{4634DDED-3A38-4F94-8E44-C7D606526B6A}.Release|Any CPU.ActiveCfg = Release|Any CPU
		{4634DDED-3A38-4F94-8E44-C7D606526B6A}.Release|Any CPU.Build.0 = Release|Any CPU
		{3953CA20-BE08-49D4-8797-C594C4C1C05F}.Debug|Any CPU.ActiveCfg = Debug|Any CPU
		{3953CA20-BE08-49D4-8797-C594C4C1C05F}.Debug|Any CPU.Build.0 = Debug|Any CPU
		{3953CA20-BE08-49D4-8797-C594C4C1C05F}.Release|Any CPU.ActiveCfg = Release|Any CPU
		{3953CA20-BE08-49D4-8797-C594C4C1C05F}.Release|Any CPU.Build.0 = Release|Any CPU
		{EA264A81-FB0F-4776-BC33-89BFD8DE1541}.Debug|Any CPU.ActiveCfg = Debug|Any CPU
		{EA264A81-FB0F-4776-BC33-89BFD8DE1541}.Debug|Any CPU.Build.0 = Debug|Any CPU
		{EA264A81-FB0F-4776-BC33-89BFD8DE1541}.Release|Any CPU.ActiveCfg = Release|Any CPU
		{EA264A81-FB0F-4776-BC33-89BFD8DE1541}.Release|Any CPU.Build.0 = Release|Any CPU
		{B6AF62AD-DA72-43B7-A8AD-79B75EB7523C}.Debug|Any CPU.ActiveCfg = Debug|Any CPU
		{B6AF62AD-DA72-43B7-A8AD-79B75EB7523C}.Debug|Any CPU.Build.0 = Debug|Any CPU
		{B6AF62AD-DA72-43B7-A8AD-79B75EB7523C}.Release|Any CPU.ActiveCfg = Release|Any CPU
		{B6AF62AD-DA72-43B7-A8AD-79B75EB7523C}.Release|Any CPU.Build.0 = Release|Any CPU
		{FED4E6F5-F272-4ADA-BF97-C773A7A472F5}.Debug|Any CPU.ActiveCfg = Debug|Any CPU
		{FED4E6F5-F272-4ADA-BF97-C773A7A472F5}.Debug|Any CPU.Build.0 = Debug|Any CPU
		{FED4E6F5-F272-4ADA-BF97-C773A7A472F5}.Release|Any CPU.ActiveCfg = Release|Any CPU
		{FED4E6F5-F272-4ADA-BF97-C773A7A472F5}.Release|Any CPU.Build.0 = Release|Any CPU
		{D5A433BA-1AEC-4080-A1FD-0186BDE50636}.Debug|Any CPU.ActiveCfg = Debug|Any CPU
		{D5A433BA-1AEC-4080-A1FD-0186BDE50636}.Debug|Any CPU.Build.0 = Debug|Any CPU
		{D5A433BA-1AEC-4080-A1FD-0186BDE50636}.Release|Any CPU.ActiveCfg = Release|Any CPU
		{D5A433BA-1AEC-4080-A1FD-0186BDE50636}.Release|Any CPU.Build.0 = Release|Any CPU
		{2ACB71AD-89A2-4970-8301-3B432B1F07E1}.Debug|Any CPU.ActiveCfg = Debug|Any CPU
		{2ACB71AD-89A2-4970-8301-3B432B1F07E1}.Debug|Any CPU.Build.0 = Debug|Any CPU
		{2ACB71AD-89A2-4970-8301-3B432B1F07E1}.Release|Any CPU.ActiveCfg = Release|Any CPU
		{2ACB71AD-89A2-4970-8301-3B432B1F07E1}.Release|Any CPU.Build.0 = Release|Any CPU
		{38720E5B-0A00-4979-A886-BEB9B154F9BA}.Debug|Any CPU.ActiveCfg = Debug|Any CPU
		{38720E5B-0A00-4979-A886-BEB9B154F9BA}.Debug|Any CPU.Build.0 = Debug|Any CPU
		{38720E5B-0A00-4979-A886-BEB9B154F9BA}.Release|Any CPU.ActiveCfg = Release|Any CPU
		{38720E5B-0A00-4979-A886-BEB9B154F9BA}.Release|Any CPU.Build.0 = Release|Any CPU
		{A54B5322-FD24-4F93-AD70-73DD36B0D3CE}.Debug|Any CPU.ActiveCfg = Debug|Any CPU
		{A54B5322-FD24-4F93-AD70-73DD36B0D3CE}.Debug|Any CPU.Build.0 = Debug|Any CPU
		{A54B5322-FD24-4F93-AD70-73DD36B0D3CE}.Release|Any CPU.ActiveCfg = Release|Any CPU
		{A54B5322-FD24-4F93-AD70-73DD36B0D3CE}.Release|Any CPU.Build.0 = Release|Any CPU
		{DFCD2C59-FD21-4893-9696-4E0819C15333}.Debug|Any CPU.ActiveCfg = Debug|Any CPU
		{DFCD2C59-FD21-4893-9696-4E0819C15333}.Debug|Any CPU.Build.0 = Debug|Any CPU
		{DFCD2C59-FD21-4893-9696-4E0819C15333}.Release|Any CPU.ActiveCfg = Release|Any CPU
		{DFCD2C59-FD21-4893-9696-4E0819C15333}.Release|Any CPU.Build.0 = Release|Any CPU
		{7FB9738D-982B-43CA-B772-7F627F8D0493}.Debug|Any CPU.ActiveCfg = Debug|Any CPU
		{7FB9738D-982B-43CA-B772-7F627F8D0493}.Debug|Any CPU.Build.0 = Debug|Any CPU
		{7FB9738D-982B-43CA-B772-7F627F8D0493}.Release|Any CPU.ActiveCfg = Release|Any CPU
		{7FB9738D-982B-43CA-B772-7F627F8D0493}.Release|Any CPU.Build.0 = Release|Any CPU
		{710DAD83-4B29-45F8-80EE-23DE0FB6FD2E}.Debug|Any CPU.ActiveCfg = Debug|Any CPU
		{710DAD83-4B29-45F8-80EE-23DE0FB6FD2E}.Debug|Any CPU.Build.0 = Debug|Any CPU
		{710DAD83-4B29-45F8-80EE-23DE0FB6FD2E}.Release|Any CPU.ActiveCfg = Release|Any CPU
		{710DAD83-4B29-45F8-80EE-23DE0FB6FD2E}.Release|Any CPU.Build.0 = Release|Any CPU
	EndGlobalSection
	GlobalSection(SolutionProperties) = preSolution
		HideSolutionNode = FALSE
	EndGlobalSection
	GlobalSection(NestedProjects) = preSolution
		{4634DDED-3A38-4F94-8E44-C7D606526B6A} = {FD794E9D-CAC6-4B44-86EE-38A7601B927A}
		{3953CA20-BE08-49D4-8797-C594C4C1C05F} = {FD794E9D-CAC6-4B44-86EE-38A7601B927A}
		{EA264A81-FB0F-4776-BC33-89BFD8DE1541} = {FD794E9D-CAC6-4B44-86EE-38A7601B927A}
		{B6AF62AD-DA72-43B7-A8AD-79B75EB7523C} = {10DF61B2-9307-4A67-9DA4-E57AB62EE8AA}
		{FED4E6F5-F272-4ADA-BF97-C773A7A472F5} = {10DF61B2-9307-4A67-9DA4-E57AB62EE8AA}
		{D5A433BA-1AEC-4080-A1FD-0186BDE50636} = {10DF61B2-9307-4A67-9DA4-E57AB62EE8AA}
		{2ACB71AD-89A2-4970-8301-3B432B1F07E1} = {FD794E9D-CAC6-4B44-86EE-38A7601B927A}
		{38720E5B-0A00-4979-A886-BEB9B154F9BA} = {FD794E9D-CAC6-4B44-86EE-38A7601B927A}
		{A54B5322-FD24-4F93-AD70-73DD36B0D3CE} = {3CF36C42-4A2B-47DF-BF31-4A802BD5BE0F}
		{DFCD2C59-FD21-4893-9696-4E0819C15333} = {3CF36C42-4A2B-47DF-BF31-4A802BD5BE0F}
		{7FB9738D-982B-43CA-B772-7F627F8D0493} = {13E7541F-6FF7-4235-BF5A-B3A91EC2F7FD}
		{3CF36C42-4A2B-47DF-BF31-4A802BD5BE0F} = {61092A08-82E9-42B3-935E-90A5E14B61EE}
		{13E7541F-6FF7-4235-BF5A-B3A91EC2F7FD} = {61092A08-82E9-42B3-935E-90A5E14B61EE}
		{F07CF08B-FFCC-4A1B-8434-7C3B530FDF7E} = {61092A08-82E9-42B3-935E-90A5E14B61EE}
		{710DAD83-4B29-45F8-80EE-23DE0FB6FD2E} = {F07CF08B-FFCC-4A1B-8434-7C3B530FDF7E}
	EndGlobalSection
	GlobalSection(ExtensibilityGlobals) = postSolution
		SolutionGuid = {73EDB65B-15EC-4B16-A9F6-01EF614F4388}
	EndGlobalSection
EndGlobal
